<?xml version="1.0" encoding="UTF-8"?>
<Project xmlns="http://schemas.microsoft.com/developer/msbuild/2003" ToolsVersion="4.0">
    <ItemGroup>
        <Filter Include="header">
            <UniqueIdentifier>{D683D0B9-E67C-4421-8A5C-87DF5313A633}</UniqueIdentifier>
            <Extensions>h;hpp</Extensions>
        </Filter>
        <Filter Include="resource">
            <UniqueIdentifier>{CE95FDAF-17FF-4659-9FBC-C9215C50813D}</UniqueIdentifier>
            <Extensions>hlsl;jpg;jpeg;png;wav;mp3;ico;dds;rc;obj</Extensions>
        </Filter>
        <Filter Include="source">
            <UniqueIdentifier>{8B498D0B-6ADE-4AD5-8BB8-9F88D4E274C1}</UniqueIdentifier>
            <Extensions>cpp;c</Extensions>
        </Filter>
    </ItemGroup>
    <ItemGroup>
        <ClCompile Include="..\..\..\src\Sample\DummyEntity.cpp">
            <Filter>source</Filter>
        </ClCompile>
        <ClCompile Include="..\..\..\src\Sample\main.cpp">
            <Filter>source</Filter>
        </ClCompile>
        <ClCompile Include="..\..\..\src\Sample\SampleScene.cpp">
            <Filter>source</Filter>
        </ClCompile>
        <ClInclude Include="..\..\..\src\Sample\DummyEntity.h">
            <Filter>header</Filter>
        </ClInclude>
        <ClInclude Include="..\..\..\src\Sample\SampleScene.h">
            <Filter>header</Filter>
        </ClInclude>
    </ItemGroup>
</Project>
