
Microsoft Visual Studio Solution File, Format Version 12.00
# Visual Studio Version 16
VisualStudioVersion = 16.0.30319.14
MinimumVisualStudioVersion = 10.0.40219.1
Project("{8BC9CEB8-8B4A-11D0-8D11-00A0C91BC942}") = "LightEngine", "LightEngine\LightEngine.vcxproj", "{AA58AFF1-940F-42F9-94F4-482D1676086F}"
	ProjectSection(ProjectDependencies) = postProject
	EndProjectSection
EndProject
Project("{8BC9CEB8-8B4A-11D0-8D11-00A0C91BC942}") = "Sample", "Sample\Sample.vcxproj", "{E4A318DC-F7D8-44AF-B165-1F34852AD089}"
	ProjectSection(ProjectDependencies) = postProject
	EndProjectSection
EndProject
Project("{8BC9CEB8-8B4A-11D0-8D11-00A0C91BC942}") = "Mini_studio", "Mini_studio\Mini_studio.vcxproj", "{0A479737-5BD3-4531-A107-6BEE7EFF1B0C}"
	ProjectSection(ProjectDependencies) = postProject
	EndProjectSection
EndProject
Global
	GlobalSection(SolutionConfigurationPlatforms) = preSolution
		Debug|x64 = Debug|x64
		Release|x64 = Release|x64
		Debug|x64 = Debug|x64
		Release|x64 = Release|x64
		Debug|x64 = Debug|x64
		Release|x64 = Release|x64
	EndGlobalSection
	GlobalSection(ProjectConfigurationPlatforms) = postSolution
		{AA58AFF1-940F-42F9-94F4-482D1676086F}.Debug|x64.ActiveCfg = Debug|x64
		{AA58AFF1-940F-42F9-94F4-482D1676086F}.Debug|x64.Build.0 = Debug|x64
		{AA58AFF1-940F-42F9-94F4-482D1676086F}.Release|x64.ActiveCfg = Release|x64
		{AA58AFF1-940F-42F9-94F4-482D1676086F}.Release|x64.Build.0 = Release|x64
		{E4A318DC-F7D8-44AF-B165-1F34852AD089}.Debug|x64.ActiveCfg = Debug|x64
		{E4A318DC-F7D8-44AF-B165-1F34852AD089}.Debug|x64.Build.0 = Debug|x64
		{E4A318DC-F7D8-44AF-B165-1F34852AD089}.Release|x64.ActiveCfg = Release|x64
		{E4A318DC-F7D8-44AF-B165-1F34852AD089}.Release|x64.Build.0 = Release|x64
		{0A479737-5BD3-4531-A107-6BEE7EFF1B0C}.Debug|x64.ActiveCfg = Debug|x64
		{0A479737-5BD3-4531-A107-6BEE7EFF1B0C}.Debug|x64.Build.0 = Debug|x64
		{0A479737-5BD3-4531-A107-6BEE7EFF1B0C}.Release|x64.ActiveCfg = Release|x64
		{0A479737-5BD3-4531-A107-6BEE7EFF1B0C}.Release|x64.Build.0 = Release|x64
	EndGlobalSection
	GlobalSection(SolutionProperties) = preSolution
		HideSolutionNode = FALSE
	EndGlobalSection
	GlobalSection(NestedProjects) = preSolution
	EndGlobalSection
	GlobalSection(ExtensibilityGlobals) = postSolution
		SolutionGuid = {F7D2A35B-E995-4F48-958E-AB663F7CCE7C}
	EndGlobalSection
EndGlobal
