
Microsoft Visual Studio Solution File, Format Version 12.00
# Visual Studio Version 16
VisualStudioVersion = 16.0.30319.14
MinimumVisualStudioVersion = 10.0.40219.1
Project("{8BC9CEB8-8B4A-11D0-8D11-00A0C91BC942}") = "LightEngine", "LightEngine\LightEngine.vcxproj", "{987267D8-EBBE-4B61-B38F-2F58971F5F56}"
	ProjectSection(ProjectDependencies) = postProject
	EndProjectSection
EndProject
Project("{8BC9CEB8-8B4A-11D0-8D11-00A0C91BC942}") = "Sample", "Sample\Sample.vcxproj", "{893375C5-A7A9-4A40-B19E-93949EDF10F0}"
	ProjectSection(ProjectDependencies) = postProject
	EndProjectSection
EndProject
Project("{8BC9CEB8-8B4A-11D0-8D11-00A0C91BC942}") = "Mini_studio", "Mini_studio\Mini_studio.vcxproj", "{4A456CE1-6FC2-4DA1-A6B5-02068A8B70E4}"
	ProjectSection(ProjectDependencies) = postProject
	EndProjectSection
EndProject
Global
	GlobalSection(SolutionConfigurationPlatforms) = preSolution
		Debug|x64 = Debug|x64
		Release|x64 = Release|x64
		Debug|x64 = Debug|x64
		Release|x64 = Release|x64
		Debug|x64 = Debug|x64
		Release|x64 = Release|x64
	EndGlobalSection
	GlobalSection(ProjectConfigurationPlatforms) = postSolution
		{987267D8-EBBE-4B61-B38F-2F58971F5F56}.Debug|x64.ActiveCfg = Debug|x64
		{987267D8-EBBE-4B61-B38F-2F58971F5F56}.Debug|x64.Build.0 = Debug|x64
		{987267D8-EBBE-4B61-B38F-2F58971F5F56}.Release|x64.ActiveCfg = Release|x64
		{987267D8-EBBE-4B61-B38F-2F58971F5F56}.Release|x64.Build.0 = Release|x64
		{893375C5-A7A9-4A40-B19E-93949EDF10F0}.Debug|x64.ActiveCfg = Debug|x64
		{893375C5-A7A9-4A40-B19E-93949EDF10F0}.Debug|x64.Build.0 = Debug|x64
		{893375C5-A7A9-4A40-B19E-93949EDF10F0}.Release|x64.ActiveCfg = Release|x64
		{893375C5-A7A9-4A40-B19E-93949EDF10F0}.Release|x64.Build.0 = Release|x64
		{4A456CE1-6FC2-4DA1-A6B5-02068A8B70E4}.Debug|x64.ActiveCfg = Debug|x64
		{4A456CE1-6FC2-4DA1-A6B5-02068A8B70E4}.Debug|x64.Build.0 = Debug|x64
		{4A456CE1-6FC2-4DA1-A6B5-02068A8B70E4}.Release|x64.ActiveCfg = Release|x64
		{4A456CE1-6FC2-4DA1-A6B5-02068A8B70E4}.Release|x64.Build.0 = Release|x64
	EndGlobalSection
	GlobalSection(SolutionProperties) = preSolution
		HideSolutionNode = FALSE
	EndGlobalSection
	GlobalSection(NestedProjects) = preSolution
	EndGlobalSection
	GlobalSection(ExtensibilityGlobals) = postSolution
		SolutionGuid = {2F746F21-89BA-4C51-9CF2-0EE8862D25CD}
	EndGlobalSection
EndGlobal
