
Microsoft Visual Studio Solution File, Format Version 12.00
# Visual Studio Version 16
VisualStudioVersion = 16.0.30319.14
MinimumVisualStudioVersion = 10.0.40219.1
Project("{8BC9CEB8-8B4A-11D0-8D11-00A0C91BC942}") = "LightEngine", "LightEngine\LightEngine.vcxproj", "{CF8B1963-8B65-495D-8874-3DB0C8C14441}"
	ProjectSection(ProjectDependencies) = postProject
	EndProjectSection
EndProject
Project("{8BC9CEB8-8B4A-11D0-8D11-00A0C91BC942}") = "Sample", "Sample\Sample.vcxproj", "{AA263672-9BA8-4B5F-B731-E418F06E8EB6}"
	ProjectSection(ProjectDependencies) = postProject
	EndProjectSection
EndProject
Project("{8BC9CEB8-8B4A-11D0-8D11-00A0C91BC942}") = "Mini_studio", "Mini_studio\Mini_studio.vcxproj", "{655BE17B-C15A-437C-BF66-296435594D9A}"
	ProjectSection(ProjectDependencies) = postProject
	EndProjectSection
EndProject
Global
	GlobalSection(SolutionConfigurationPlatforms) = preSolution
		Debug|x64 = Debug|x64
		Release|x64 = Release|x64
		Debug|x64 = Debug|x64
		Release|x64 = Release|x64
		Debug|x64 = Debug|x64
		Release|x64 = Release|x64
	EndGlobalSection
	GlobalSection(ProjectConfigurationPlatforms) = postSolution
		{CF8B1963-8B65-495D-8874-3DB0C8C14441}.Debug|x64.ActiveCfg = Debug|x64
		{CF8B1963-8B65-495D-8874-3DB0C8C14441}.Debug|x64.Build.0 = Debug|x64
		{CF8B1963-8B65-495D-8874-3DB0C8C14441}.Release|x64.ActiveCfg = Release|x64
		{CF8B1963-8B65-495D-8874-3DB0C8C14441}.Release|x64.Build.0 = Release|x64
		{AA263672-9BA8-4B5F-B731-E418F06E8EB6}.Debug|x64.ActiveCfg = Debug|x64
		{AA263672-9BA8-4B5F-B731-E418F06E8EB6}.Debug|x64.Build.0 = Debug|x64
		{AA263672-9BA8-4B5F-B731-E418F06E8EB6}.Release|x64.ActiveCfg = Release|x64
		{AA263672-9BA8-4B5F-B731-E418F06E8EB6}.Release|x64.Build.0 = Release|x64
		{655BE17B-C15A-437C-BF66-296435594D9A}.Debug|x64.ActiveCfg = Debug|x64
		{655BE17B-C15A-437C-BF66-296435594D9A}.Debug|x64.Build.0 = Debug|x64
		{655BE17B-C15A-437C-BF66-296435594D9A}.Release|x64.ActiveCfg = Release|x64
		{655BE17B-C15A-437C-BF66-296435594D9A}.Release|x64.Build.0 = Release|x64
	EndGlobalSection
	GlobalSection(SolutionProperties) = preSolution
		HideSolutionNode = FALSE
	EndGlobalSection
	GlobalSection(NestedProjects) = preSolution
	EndGlobalSection
	GlobalSection(ExtensibilityGlobals) = postSolution
		SolutionGuid = {F8928D2D-63DF-4C2D-8F2D-294439E8DA91}
	EndGlobalSection
EndGlobal
