<?xml version="1.0" encoding="utf-8"?>
<Project xmlns="http://schemas.microsoft.com/developer/msbuild/2003" ToolsVersion="4.0">
  <ItemGroup>
    <Filter Include="header">
      <UniqueIdentifier>{E8F9F50A-62A3-4275-A574-6264E0E494D3}</UniqueIdentifier>
      <Extensions>h;hpp</Extensions>
    </Filter>
    <Filter Include="resource">
      <UniqueIdentifier>{E2703FAB-16B2-4BA3-B8F9-6BE543F80EF1}</UniqueIdentifier>
      <Extensions>hlsl;jpg;jpeg;png;wav;mp3;ico;dds;rc;obj</Extensions>
    </Filter>
    <Filter Include="source">
      <UniqueIdentifier>{9231D711-F828-472F-9B52-9ED7AB5B026E}</UniqueIdentifier>
      <Extensions>cpp;c</Extensions>
    </Filter>
  </ItemGroup>
  <ItemGroup>
    <ClCompile Include="..\..\..\src\Mini_studio\enemies.cpp">
      <Filter>source</Filter>
    </ClCompile>
    <ClCompile Include="..\..\..\src\Mini_studio\main.cpp">
      <Filter>source</Filter>
    </ClCompile>
    <ClCompile Include="..\..\..\src\Mini_studio\pch.cpp">
      <Filter>source</Filter>
    </ClCompile>
    <ClInclude Include="..\..\..\src\Mini_studio\enemies.h">
      <Filter>header</Filter>
    </ClInclude>
    <ClInclude Include="..\..\..\src\Mini_studio\main.h">
      <Filter>header</Filter>
    </ClInclude>
    <ClInclude Include="..\..\..\src\Mini_studio\pch.h">
      <Filter>header</Filter>
    </ClInclude>
    <ClInclude Include="..\..\..\src\Mini_studio\resource.h">
      <Filter>header</Filter>
    </ClInclude>
    <None Include="..\..\..\src\Mini_studio\app.ico">
      <Filter>resource</Filter>
    </None>
    <None Include="..\..\..\src\Mini_studio\app.rc">
      <Filter>resource</Filter>
    </None>
    <None Include="..\..\..\src\Mini_studio\small.ico">
      <Filter>resource</Filter>
    </None>
    <ClCompile Include="attack.cpp">
      <Filter>source</Filter>
    </ClCompile>
    <ClCompile Include="sceneTemporaire.cpp">
      <Filter>source</Filter>
    </ClCompile>
  </ItemGroup>
  <ItemGroup>
    <ClInclude Include="attack.h">
      <Filter>header</Filter>
    </ClInclude>
    <ClInclude Include="sceneTemporaire.h">
      <Filter>header</Filter>
    </ClInclude>
  </ItemGroup>
</Project>